{
  "version": 4,
  "terraform_version": "1.12.0",
  "serial": 38,
  "lineage": "456cd79c-d040-521f-0e74-74a5368a32ae",
  "outputs": {
    "postgresql_host_fqdn": {
      "value": "rc1a-ijh7rg5psuub3ppl.mdb.yandexcloud.net",
      "type": "string"
    }
  },
  "resources": [
    {
      "mode": "managed",
      "type": "local_file",
      "name": "env_file",
      "provider": "provider[\"registry.terraform.io/hashicorp/local\"]",
      "instances": [
        {
          "schema_version": 0,
          "attributes": {
            "content": "PG_LINK=postgres://user:12345678@rc1a-ijh7rg5psuub3ppl.mdb.yandexcloud.net:6432/testdb\r\n",
            "content_base64": null,
            "content_base64sha256": "iIVy4gZOBDJpviNeymXPn7AtLm8YCyBmS3OPzDTQbKc=",
            "content_base64sha512": "qloxC0S08dcjEOuPQG+6Rg+XYzg2QyDs53jw8Mh9dLCkl69QQb6MsgN62URTzqK2gyHUniaxyJC3FVOekS2utg==",
            "content_md5": "5cadb6d67df0e2d7354260354ad90cf2",
            "content_sha1": "ae846187dd5f06224444aae7fbceedbfca9fbebb",
            "content_sha256": "888572e2064e043269be235eca65cf9fb02d2e6f180b20664b738fcc34d06ca7",
            "content_sha512": "aa5a310b44b4f1d72310eb8f406fba460f976338364320ece778f0f0c87d74b0a497af5041be8cb2037ad94453cea2b68321d49e26b1c890b715539e912daeb6",
            "directory_permission": "0777",
            "file_permission": "0777",
            "filename": "../.env",
            "id": "ae846187dd5f06224444aae7fbceedbfca9fbebb",
            "sensitive_content": null,
            "source": null
          },
          "sensitive_attributes": [
            [
              {
                "type": "get_attr",
                "value": "sensitive_content"
              }
            ]
          ],
          "identity_schema_version": 0,
          "dependencies": [
            "yandex_mdb_postgresql_cluster.todo-postgres-cluster",
            "yandex_vpc_network.network-1",
            "yandex_vpc_subnet.subnet-1"
          ]
        }
      ]
    },
    {
      "mode": "managed",
      "type": "yandex_mdb_postgresql_cluster",
      "name": "todo-postgres-cluster",
      "provider": "provider[\"registry.terraform.io/yandex-cloud/yandex\"]",
      "instances": [
        {
          "schema_version": 0,
          "attributes": {
            "config": [
              {
                "access": [
                  {
                    "data_lens": false,
                    "data_transfer": false,
                    "serverless": false,
                    "web_sql": false
                  }
                ],
                "autofailover": true,
                "backup_retain_period_days": 7,
                "backup_window_start": [
                  {
                    "hours": 0,
                    "minutes": 0
                  }
                ],
                "disk_size_autoscaling": [
                  {
                    "disk_size_limit": 0,
                    "emergency_usage_threshold": 0,
                    "planned_usage_threshold": 0
                  }
                ],
                "performance_diagnostics": [
                  {
                    "enabled": false,
                    "sessions_sampling_interval": 60,
                    "statements_sampling_interval": 600
                  }
                ],
                "pooler_config": [],
                "postgresql_config": {
                  "autovacuum_vacuum_scale_factor": "0.34",
                  "default_transaction_isolation": "TRANSACTION_ISOLATION_READ_COMMITTED",
                  "enable_parallel_hash": "true",
                  "max_connections": "395",
                  "password_encryption": "1",
                  "shared_preload_libraries": "SHARED_PRELOAD_LIBRARIES_AUTO_EXPLAIN,SHARED_PRELOAD_LIBRARIES_PG_HINT_PLAN"
                },
                "resources": [
                  {
                    "disk_size": 16,
                    "disk_type_id": "network-ssd",
                    "resource_preset_id": "s2.micro"
                  }
                ],
                "version": "15"
              }
            ],
            "created_at": "2025-05-19T04:10:26Z",
            "database": [],
            "deletion_protection": false,
            "description": "",
            "environment": "PRESTABLE",
            "folder_id": "b1gv2q3sgnes7j1kfr69",
            "health": "HEALTH_UNKNOWN",
            "host": [
              {
                "assign_public_ip": false,
                "fqdn": "rc1a-ijh7rg5psuub3ppl.mdb.yandexcloud.net",
                "name": "",
                "priority": 0,
                "replication_source": "",
                "replication_source_name": "",
                "role": "MASTER",
                "subnet_id": "e9b79p9tqrbrp850qkba",
                "zone": "ru-central1-a"
              }
            ],
            "host_group_ids": [],
            "host_master_name": "",
            "id": "c9qujsjbl39it46o8gr2",
            "labels": {},
            "maintenance_window": [
              {
                "day": "",
                "hour": 0,
                "type": "ANYTIME"
              }
            ],
            "name": "todo-postgres-cluster",
            "network_id": "enp3c6rbik6dvgpt8am7",
            "restore": [],
            "security_group_ids": [],
            "status": "RUNNING",
            "timeouts": null,
            "user": []
          },
          "sensitive_attributes": [],
          "identity_schema_version": 0,
          "private": "eyJlMmJmYjczMC1lY2FhLTExZTYtOGY4OC0zNDM2M2JjN2M0YzAiOnsiY3JlYXRlIjoxODAwMDAwMDAwMDAwLCJkZWxldGUiOjkwMDAwMDAwMDAwMCwidXBkYXRlIjozNjAwMDAwMDAwMDAwfX0=",
          "dependencies": [
            "yandex_vpc_network.network-1",
            "yandex_vpc_subnet.subnet-1"
          ]
        }
      ]
    },
    {
      "mode": "managed",
      "type": "yandex_mdb_postgresql_database",
      "name": "todo-postgresql",
      "provider": "provider[\"registry.terraform.io/yandex-cloud/yandex\"]",
      "instances": [
        {
          "schema_version": 0,
          "attributes": {
            "cluster_id": "c9qujsjbl39it46o8gr2",
            "deletion_protection": "unspecified",
            "extension": [],
            "id": "c9qujsjbl39it46o8gr2:testdb",
            "lc_collate": "C",
            "lc_type": "C",
            "name": "testdb",
            "owner": "user",
            "template_db": "",
            "timeouts": null
          },
          "sensitive_attributes": [],
          "identity_schema_version": 0,
          "private": "eyJlMmJmYjczMC1lY2FhLTExZTYtOGY4OC0zNDM2M2JjN2M0YzAiOnsiY3JlYXRlIjo2MDAwMDAwMDAwMDAsImRlbGV0ZSI6NjAwMDAwMDAwMDAwLCJyZWFkIjo2MDAwMDAwMDAwMCwidXBkYXRlIjo2MDAwMDAwMDAwMDB9fQ==",
          "dependencies": [
            "yandex_mdb_postgresql_cluster.todo-postgres-cluster",
            "yandex_mdb_postgresql_user.todo-user",
            "yandex_vpc_network.network-1",
            "yandex_vpc_subnet.subnet-1"
          ]
        }
      ]
    },
    {
      "mode": "managed",
      "type": "yandex_mdb_postgresql_user",
      "name": "todo-user",
      "provider": "provider[\"registry.terraform.io/yandex-cloud/yandex\"]",
      "instances": [
        {
          "schema_version": 0,
          "attributes": {
            "cluster_id": "c9qujsjbl39it46o8gr2",
            "conn_limit": 50,
            "connection_manager": {
              "connection_id": "a595lt98r11dhseragu7"
            },
            "deletion_protection": "unspecified",
            "generate_password": false,
            "grants": null,
            "id": "c9qujsjbl39it46o8gr2:user",
            "login": true,
            "name": "user",
            "password": "12345678",
            "permission": [],
            "settings": {
              "default_transaction_isolation": "read committed",
              "log_min_duration_statement": "5000"
            },
            "timeouts": null
          },
          "sensitive_attributes": [
            [
              {
                "type": "get_attr",
                "value": "password"
              }
            ]
          ],
          "identity_schema_version": 0,
          "private": "eyJlMmJmYjczMC1lY2FhLTExZTYtOGY4OC0zNDM2M2JjN2M0YzAiOnsiY3JlYXRlIjo2MDAwMDAwMDAwMDAsImRlbGV0ZSI6NjAwMDAwMDAwMDAwLCJyZWFkIjo2MDAwMDAwMDAwMCwidXBkYXRlIjo2MDAwMDAwMDAwMDB9fQ==",
          "dependencies": [
            "yandex_mdb_postgresql_cluster.todo-postgres-cluster",
            "yandex_vpc_network.network-1",
            "yandex_vpc_subnet.subnet-1"
          ]
        }
      ]
    },
    {
      "mode": "managed",
      "type": "yandex_vpc_network",
      "name": "network-1",
      "provider": "provider[\"registry.terraform.io/yandex-cloud/yandex\"]",
      "instances": [
        {
          "schema_version": 0,
          "attributes": {
            "created_at": "2025-05-19T04:10:22Z",
            "default_security_group_id": "enpheclemem4982mkfsq",
            "description": "",
            "folder_id": "b1gv2q3sgnes7j1kfr69",
            "id": "enp3c6rbik6dvgpt8am7",
            "labels": {},
            "name": "terraform-net-gnushev",
            "subnet_ids": [],
            "timeouts": null
          },
          "sensitive_attributes": [],
          "identity_schema_version": 0,
          "private": "eyJlMmJmYjczMC1lY2FhLTExZTYtOGY4OC0zNDM2M2JjN2M0YzAiOnsiY3JlYXRlIjo2MDAwMDAwMDAwMCwiZGVsZXRlIjo2MDAwMDAwMDAwMCwidXBkYXRlIjo2MDAwMDAwMDAwMH19"
        }
      ]
    },
    {
      "mode": "managed",
      "type": "yandex_vpc_subnet",
      "name": "subnet-1",
      "provider": "provider[\"registry.terraform.io/yandex-cloud/yandex\"]",
      "instances": [
        {
          "schema_version": 0,
          "attributes": {
            "created_at": "2025-05-19T04:10:25Z",
            "description": "",
            "dhcp_options": [],
            "folder_id": "b1gv2q3sgnes7j1kfr69",
            "id": "e9b79p9tqrbrp850qkba",
            "labels": {},
            "name": "terraform-subnet-gneushev",
            "network_id": "enp3c6rbik6dvgpt8am7",
            "route_table_id": "",
            "timeouts": null,
            "v4_cidr_blocks": [
              "10.2.0.0/16"
            ],
            "v6_cidr_blocks": [],
            "zone": "ru-central1-a"
          },
          "sensitive_attributes": [],
          "identity_schema_version": 0,
          "private": "eyJlMmJmYjczMC1lY2FhLTExZTYtOGY4OC0zNDM2M2JjN2M0YzAiOnsiY3JlYXRlIjoxODAwMDAwMDAwMDAsImRlbGV0ZSI6MTgwMDAwMDAwMDAwLCJ1cGRhdGUiOjE4MDAwMDAwMDAwMH19",
          "dependencies": [
            "yandex_vpc_network.network-1"
          ]
        }
      ]
    }
  ],
  "check_results": null
}
