{
  "version": 4,
  "terraform_version": "1.12.0",
  "serial": 116,
  "lineage": "456cd79c-d040-521f-0e74-74a5368a32ae",
  "outputs": {
    "postgresql_host_fqdn": {
      "value": "rc1a-1m8050ulfdasvs0v.mdb.yandexcloud.net",
      "type": "string"
    }
  },
  "resources": [
    {
      "mode": "managed",
      "type": "local_file",
      "name": "env_file",
      "provider": "provider[\"registry.terraform.io/hashicorp/local\"]",
      "instances": [
        {
          "schema_version": 0,
          "attributes": {
            "content": "PG_LINK=postgres://user:12345678@rc1a-1m8050ulfdasvs0v.mdb.yandexcloud.net:6432/testdb\r\n",
            "content_base64": null,
            "content_base64sha256": "sYm7xPkydnrtz7Mdlh9qGe469g7JhgDqzy3fE5tj588=",
            "content_base64sha512": "SXcz1pha9dMepcTLPQQ6iWJATkLLNB7sBNfjemeGiMB5TMj0cOL5JJAh8A9AmDy92oHzjgbodl3BBq6aRmvVdQ==",
            "content_md5": "e01c0b5569a8cf6afefdf464b9fbb9cb",
            "content_sha1": "fd02894df6bb51b96c7d82e3c80118c007f080f8",
            "content_sha256": "b189bbc4f932767aedcfb31d961f6a19ee3af60ec98600eacf2ddf139b63e7cf",
            "content_sha512": "497733d6985af5d31ea5c4cb3d043a8962404e42cb341eec04d7e37a678688c0794cc8f470e2f9249021f00f40983cbdda81f38e06e8765dc106ae9a466bd575",
            "directory_permission": "0777",
            "file_permission": "0777",
            "filename": "../.env",
            "id": "fd02894df6bb51b96c7d82e3c80118c007f080f8",
            "sensitive_content": null,
            "source": null
          },
          "sensitive_attributes": [
            [
              {
                "type": "get_attr",
                "value": "sensitive_content"
              }
            ]
          ],
          "identity_schema_version": 0,
          "dependencies": [
            "yandex_mdb_postgresql_cluster.todo-postgres-cluster",
            "yandex_vpc_network.network-1",
            "yandex_vpc_security_group.postgresql-sg",
            "yandex_vpc_subnet.subnet-1"
          ]
        }
      ]
    },
    {
      "mode": "managed",
      "type": "local_file",
      "name": "env_file_backend",
      "provider": "provider[\"registry.terraform.io/hashicorp/local\"]",
      "instances": [
        {
          "schema_version": 0,
          "attributes": {
            "content": "PG_LINK=postgres://user:12345678@rc1a-1m8050ulfdasvs0v.mdb.yandexcloud.net:6432/testdb\r\n\r\n",
            "content_base64": null,
            "content_base64sha256": "1YoUoa6BOfQueV/kfJkVgq6cTbkHd2iSMNEoiWqxxEk=",
            "content_base64sha512": "7+dKwA9LMDqZwF27iHSKYJlwPY1/N7PzpdTuh6uykT2Xko+jfQmVzVtjcRS18fq/sSw7ayIPj5YeXB9zbg4M/Q==",
            "content_md5": "5d94fdad272e1e1b4a1c74777340bd5e",
            "content_sha1": "e7dfed013857e30ed47526924645b3c9a6fd30c6",
            "content_sha256": "d58a14a1ae8139f42e795fe47c991582ae9c4db90777689230d128896ab1c449",
            "content_sha512": "efe74ac00f4b303a99c05dbb88748a6099703d8d7f37b3f3a5d4ee87abb2913d97928fa37d0995cd5b637114b5f1fabfb12c3b6b220f8f961e5c1f736e0e0cfd",
            "directory_permission": "0777",
            "file_permission": "0777",
            "filename": "../backend/.env",
            "id": "e7dfed013857e30ed47526924645b3c9a6fd30c6",
            "sensitive_content": null,
            "source": null
          },
          "sensitive_attributes": [
            [
              {
                "type": "get_attr",
                "value": "sensitive_content"
              }
            ]
          ],
          "identity_schema_version": 0,
          "dependencies": [
            "yandex_mdb_postgresql_cluster.todo-postgres-cluster",
            "yandex_vpc_network.network-1",
            "yandex_vpc_security_group.postgresql-sg",
            "yandex_vpc_subnet.subnet-1"
          ]
        }
      ]
    },
    {
      "mode": "managed",
      "type": "yandex_container_registry",
      "name": "todo-container-registry",
      "provider": "provider[\"registry.terraform.io/yandex-cloud/yandex\"]",
      "instances": [
        {
          "schema_version": 0,
          "attributes": {
            "created_at": "2025-05-23T09:31:25Z",
            "folder_id": "b1gv2q3sgnes7j1kfr69",
            "id": "crp2d69onief6mvoah2i",
            "labels": {
              "my-label": "todo-label"
            },
            "name": "todo-registry",
            "status": "active",
            "timeouts": null
          },
          "sensitive_attributes": [],
          "identity_schema_version": 0,
          "private": "eyJlMmJmYjczMC1lY2FhLTExZTYtOGY4OC0zNDM2M2JjN2M0YzAiOnsiY3JlYXRlIjo5MDAwMDAwMDAwMDAsImRlbGV0ZSI6OTAwMDAwMDAwMDAwLCJ1cGRhdGUiOjkwMDAwMDAwMDAwMH19"
        }
      ]
    },
    {
      "mode": "managed",
      "type": "yandex_iam_service_account",
      "name": "todo-sa",
      "provider": "provider[\"registry.terraform.io/yandex-cloud/yandex\"]",
      "instances": [
        {
          "schema_version": 0,
          "attributes": {
            "created_at": "2025-05-23T09:31:25Z",
            "description": "",
            "folder_id": "b1gv2q3sgnes7j1kfr69",
            "id": "ajevkvvu8ftgllg0h0sn",
            "name": "todo-sa",
            "timeouts": null
          },
          "sensitive_attributes": [],
          "identity_schema_version": 0,
          "private": "eyJlMmJmYjczMC1lY2FhLTExZTYtOGY4OC0zNDM2M2JjN2M0YzAiOnsiY3JlYXRlIjo2MDAwMDAwMDAwMCwiZGVsZXRlIjo2MDAwMDAwMDAwMCwidXBkYXRlIjo2MDAwMDAwMDAwMH19"
        }
      ]
    },
    {
      "mode": "managed",
      "type": "yandex_mdb_postgresql_cluster",
      "name": "todo-postgres-cluster",
      "provider": "provider[\"registry.terraform.io/yandex-cloud/yandex\"]",
      "instances": [
        {
          "schema_version": 0,
          "attributes": {
            "config": [
              {
                "access": [
                  {
                    "data_lens": false,
                    "data_transfer": false,
                    "serverless": true,
                    "web_sql": true
                  }
                ],
                "autofailover": true,
                "backup_retain_period_days": 7,
                "backup_window_start": [
                  {
                    "hours": 0,
                    "minutes": 0
                  }
                ],
                "disk_size_autoscaling": [
                  {
                    "disk_size_limit": 0,
                    "emergency_usage_threshold": 0,
                    "planned_usage_threshold": 0
                  }
                ],
                "performance_diagnostics": [
                  {
                    "enabled": false,
                    "sessions_sampling_interval": 60,
                    "statements_sampling_interval": 600
                  }
                ],
                "pooler_config": [],
                "postgresql_config": {
                  "autovacuum_vacuum_scale_factor": "0.34",
                  "default_transaction_isolation": "TRANSACTION_ISOLATION_READ_COMMITTED",
                  "enable_parallel_hash": "true",
                  "max_connections": "395",
                  "password_encryption": "1",
                  "shared_preload_libraries": "SHARED_PRELOAD_LIBRARIES_AUTO_EXPLAIN,SHARED_PRELOAD_LIBRARIES_PG_HINT_PLAN"
                },
                "resources": [
                  {
                    "disk_size": 16,
                    "disk_type_id": "network-ssd",
                    "resource_preset_id": "s2.micro"
                  }
                ],
                "version": "15"
              }
            ],
            "created_at": "2025-05-23T09:31:29Z",
            "database": [],
            "deletion_protection": false,
            "description": "",
            "environment": "PRESTABLE",
            "folder_id": "b1gv2q3sgnes7j1kfr69",
            "health": "ALIVE",
            "host": [
              {
                "assign_public_ip": true,
                "fqdn": "rc1a-1m8050ulfdasvs0v.mdb.yandexcloud.net",
                "name": "",
                "priority": 0,
                "replication_source": "",
                "replication_source_name": "",
                "role": "MASTER",
                "subnet_id": "e9bm56ddaf2u23rtgik9",
                "zone": "ru-central1-a"
              }
            ],
            "host_group_ids": [],
            "host_master_name": "",
            "id": "c9qsnfskpckrqgac9uh5",
            "labels": {},
            "maintenance_window": [
              {
                "day": "",
                "hour": 0,
                "type": "ANYTIME"
              }
            ],
            "name": "todo-postgres-cluster",
            "network_id": "enpj75vtraqcvsks8jns",
            "restore": [],
            "security_group_ids": [
              "enp625pa9v4pejqdop7e"
            ],
            "status": "RUNNING",
            "timeouts": null,
            "user": []
          },
          "sensitive_attributes": [],
          "identity_schema_version": 0,
          "private": "eyJlMmJmYjczMC1lY2FhLTExZTYtOGY4OC0zNDM2M2JjN2M0YzAiOnsiY3JlYXRlIjoxODAwMDAwMDAwMDAwLCJkZWxldGUiOjkwMDAwMDAwMDAwMCwidXBkYXRlIjozNjAwMDAwMDAwMDAwfX0=",
          "dependencies": [
            "yandex_vpc_network.network-1",
            "yandex_vpc_security_group.postgresql-sg",
            "yandex_vpc_subnet.subnet-1"
          ]
        }
      ]
    },
    {
      "mode": "managed",
      "type": "yandex_mdb_postgresql_database",
      "name": "todo-postgresql",
      "provider": "provider[\"registry.terraform.io/yandex-cloud/yandex\"]",
      "instances": [
        {
          "schema_version": 0,
          "attributes": {
            "cluster_id": "c9qsnfskpckrqgac9uh5",
            "deletion_protection": "unspecified",
            "extension": [],
            "id": "c9qsnfskpckrqgac9uh5:testdb",
            "lc_collate": "C",
            "lc_type": "C",
            "name": "testdb",
            "owner": "user",
            "template_db": "",
            "timeouts": null
          },
          "sensitive_attributes": [],
          "identity_schema_version": 0,
          "private": "eyJlMmJmYjczMC1lY2FhLTExZTYtOGY4OC0zNDM2M2JjN2M0YzAiOnsiY3JlYXRlIjo2MDAwMDAwMDAwMDAsImRlbGV0ZSI6NjAwMDAwMDAwMDAwLCJyZWFkIjo2MDAwMDAwMDAwMCwidXBkYXRlIjo2MDAwMDAwMDAwMDB9fQ==",
          "dependencies": [
            "yandex_mdb_postgresql_cluster.todo-postgres-cluster",
            "yandex_mdb_postgresql_user.todo-user",
            "yandex_vpc_network.network-1",
            "yandex_vpc_security_group.postgresql-sg",
            "yandex_vpc_subnet.subnet-1"
          ]
        }
      ]
    },
    {
      "mode": "managed",
      "type": "yandex_mdb_postgresql_user",
      "name": "todo-user",
      "provider": "provider[\"registry.terraform.io/yandex-cloud/yandex\"]",
      "instances": [
        {
          "schema_version": 0,
          "attributes": {
            "cluster_id": "c9qsnfskpckrqgac9uh5",
            "conn_limit": 50,
            "connection_manager": {
              "connection_id": "a59eon0tui5s0c0ctlmi"
            },
            "deletion_protection": "unspecified",
            "generate_password": false,
            "grants": [],
            "id": "c9qsnfskpckrqgac9uh5:user",
            "login": true,
            "name": "user",
            "password": "12345678",
            "permission": [],
            "settings": {
              "default_transaction_isolation": "read committed",
              "log_min_duration_statement": "5000"
            },
            "timeouts": null
          },
          "sensitive_attributes": [
            [
              {
                "type": "get_attr",
                "value": "password"
              }
            ]
          ],
          "identity_schema_version": 0,
          "private": "eyJlMmJmYjczMC1lY2FhLTExZTYtOGY4OC0zNDM2M2JjN2M0YzAiOnsiY3JlYXRlIjo2MDAwMDAwMDAwMDAsImRlbGV0ZSI6NjAwMDAwMDAwMDAwLCJyZWFkIjo2MDAwMDAwMDAwMCwidXBkYXRlIjo2MDAwMDAwMDAwMDB9fQ==",
          "dependencies": [
            "yandex_mdb_postgresql_cluster.todo-postgres-cluster",
            "yandex_vpc_network.network-1",
            "yandex_vpc_security_group.postgresql-sg",
            "yandex_vpc_subnet.subnet-1"
          ]
        }
      ]
    },
    {
      "mode": "managed",
      "type": "yandex_resourcemanager_folder_iam_member",
      "name": "todo-roles",
      "provider": "provider[\"registry.terraform.io/yandex-cloud/yandex\"]",
      "instances": [
        {
          "index_key": "api-gateway.editor",
          "schema_version": 0,
          "attributes": {
            "folder_id": "b1gv2q3sgnes7j1kfr69",
            "id": "b1gv2q3sgnes7j1kfr69/api-gateway.editor/serviceAccount:ajevkvvu8ftgllg0h0sn",
            "member": "serviceAccount:ajevkvvu8ftgllg0h0sn",
            "role": "api-gateway.editor",
            "sleep_after": null,
            "timeouts": null
          },
          "sensitive_attributes": [],
          "identity_schema_version": 0,
          "private": "eyJlMmJmYjczMC1lY2FhLTExZTYtOGY4OC0zNDM2M2JjN2M0YzAiOnsiY3JlYXRlIjo2MDAwMDAwMDAwMCwiZGVmYXVsdCI6NjAwMDAwMDAwMDAsImRlbGV0ZSI6NjAwMDAwMDAwMDAsInJlYWQiOjYwMDAwMDAwMDAwLCJ1cGRhdGUiOjYwMDAwMDAwMDAwfX0=",
          "dependencies": [
            "yandex_iam_service_account.todo-sa"
          ]
        },
        {
          "index_key": "compute.editor",
          "schema_version": 0,
          "attributes": {
            "folder_id": "b1gv2q3sgnes7j1kfr69",
            "id": "b1gv2q3sgnes7j1kfr69/compute.editor/serviceAccount:ajevkvvu8ftgllg0h0sn",
            "member": "serviceAccount:ajevkvvu8ftgllg0h0sn",
            "role": "compute.editor",
            "sleep_after": null,
            "timeouts": null
          },
          "sensitive_attributes": [],
          "identity_schema_version": 0,
          "private": "eyJlMmJmYjczMC1lY2FhLTExZTYtOGY4OC0zNDM2M2JjN2M0YzAiOnsiY3JlYXRlIjo2MDAwMDAwMDAwMCwiZGVmYXVsdCI6NjAwMDAwMDAwMDAsImRlbGV0ZSI6NjAwMDAwMDAwMDAsInJlYWQiOjYwMDAwMDAwMDAwLCJ1cGRhdGUiOjYwMDAwMDAwMDAwfX0=",
          "dependencies": [
            "yandex_iam_service_account.todo-sa"
          ]
        },
        {
          "index_key": "mdb.viewer",
          "schema_version": 0,
          "attributes": {
            "folder_id": "b1gv2q3sgnes7j1kfr69",
            "id": "b1gv2q3sgnes7j1kfr69/mdb.viewer/serviceAccount:ajevkvvu8ftgllg0h0sn",
            "member": "serviceAccount:ajevkvvu8ftgllg0h0sn",
            "role": "mdb.viewer",
            "sleep_after": null,
            "timeouts": null
          },
          "sensitive_attributes": [],
          "identity_schema_version": 0,
          "private": "eyJlMmJmYjczMC1lY2FhLTExZTYtOGY4OC0zNDM2M2JjN2M0YzAiOnsiY3JlYXRlIjo2MDAwMDAwMDAwMCwiZGVmYXVsdCI6NjAwMDAwMDAwMDAsImRlbGV0ZSI6NjAwMDAwMDAwMDAsInJlYWQiOjYwMDAwMDAwMDAwLCJ1cGRhdGUiOjYwMDAwMDAwMDAwfX0=",
          "dependencies": [
            "yandex_iam_service_account.todo-sa"
          ]
        },
        {
          "index_key": "serverless.containers.editor",
          "schema_version": 0,
          "attributes": {
            "folder_id": "b1gv2q3sgnes7j1kfr69",
            "id": "b1gv2q3sgnes7j1kfr69/serverless.containers.editor/serviceAccount:ajevkvvu8ftgllg0h0sn",
            "member": "serviceAccount:ajevkvvu8ftgllg0h0sn",
            "role": "serverless.containers.editor",
            "sleep_after": null,
            "timeouts": null
          },
          "sensitive_attributes": [],
          "identity_schema_version": 0,
          "private": "eyJlMmJmYjczMC1lY2FhLTExZTYtOGY4OC0zNDM2M2JjN2M0YzAiOnsiY3JlYXRlIjo2MDAwMDAwMDAwMCwiZGVmYXVsdCI6NjAwMDAwMDAwMDAsImRlbGV0ZSI6NjAwMDAwMDAwMDAsInJlYWQiOjYwMDAwMDAwMDAwLCJ1cGRhdGUiOjYwMDAwMDAwMDAwfX0=",
          "dependencies": [
            "yandex_iam_service_account.todo-sa"
          ]
        },
        {
          "index_key": "serverless.containers.invoker",
          "schema_version": 0,
          "attributes": {
            "folder_id": "b1gv2q3sgnes7j1kfr69",
            "id": "b1gv2q3sgnes7j1kfr69/serverless.containers.invoker/serviceAccount:ajevkvvu8ftgllg0h0sn",
            "member": "serviceAccount:ajevkvvu8ftgllg0h0sn",
            "role": "serverless.containers.invoker",
            "sleep_after": null,
            "timeouts": null
          },
          "sensitive_attributes": [],
          "identity_schema_version": 0,
          "private": "eyJlMmJmYjczMC1lY2FhLTExZTYtOGY4OC0zNDM2M2JjN2M0YzAiOnsiY3JlYXRlIjo2MDAwMDAwMDAwMCwiZGVmYXVsdCI6NjAwMDAwMDAwMDAsImRlbGV0ZSI6NjAwMDAwMDAwMDAsInJlYWQiOjYwMDAwMDAwMDAwLCJ1cGRhdGUiOjYwMDAwMDAwMDAwfX0=",
          "dependencies": [
            "yandex_iam_service_account.todo-sa"
          ]
        },
        {
          "index_key": "storage.viewer",
          "schema_version": 0,
          "attributes": {
            "folder_id": "b1gv2q3sgnes7j1kfr69",
            "id": "b1gv2q3sgnes7j1kfr69/storage.viewer/serviceAccount:ajevkvvu8ftgllg0h0sn",
            "member": "serviceAccount:ajevkvvu8ftgllg0h0sn",
            "role": "storage.viewer",
            "sleep_after": null,
            "timeouts": null
          },
          "sensitive_attributes": [],
          "identity_schema_version": 0,
          "private": "eyJlMmJmYjczMC1lY2FhLTExZTYtOGY4OC0zNDM2M2JjN2M0YzAiOnsiY3JlYXRlIjo2MDAwMDAwMDAwMCwiZGVmYXVsdCI6NjAwMDAwMDAwMDAsImRlbGV0ZSI6NjAwMDAwMDAwMDAsInJlYWQiOjYwMDAwMDAwMDAwLCJ1cGRhdGUiOjYwMDAwMDAwMDAwfX0=",
          "dependencies": [
            "yandex_iam_service_account.todo-sa"
          ]
        },
        {
          "index_key": "vpc.publicAdmin",
          "schema_version": 0,
          "attributes": {
            "folder_id": "b1gv2q3sgnes7j1kfr69",
            "id": "b1gv2q3sgnes7j1kfr69/vpc.publicAdmin/serviceAccount:ajevkvvu8ftgllg0h0sn",
            "member": "serviceAccount:ajevkvvu8ftgllg0h0sn",
            "role": "vpc.publicAdmin",
            "sleep_after": null,
            "timeouts": null
          },
          "sensitive_attributes": [],
          "identity_schema_version": 0,
          "private": "eyJlMmJmYjczMC1lY2FhLTExZTYtOGY4OC0zNDM2M2JjN2M0YzAiOnsiY3JlYXRlIjo2MDAwMDAwMDAwMCwiZGVmYXVsdCI6NjAwMDAwMDAwMDAsImRlbGV0ZSI6NjAwMDAwMDAwMDAsInJlYWQiOjYwMDAwMDAwMDAwLCJ1cGRhdGUiOjYwMDAwMDAwMDAwfX0=",
          "dependencies": [
            "yandex_iam_service_account.todo-sa"
          ]
        }
      ]
    },
    {
      "mode": "managed",
      "type": "yandex_serverless_container",
      "name": "test-container",
      "provider": "provider[\"registry.terraform.io/yandex-cloud/yandex\"]",
      "instances": [
        {
          "schema_version": 0,
          "attributes": {
            "concurrency": null,
            "connectivity": [],
            "core_fraction": null,
            "cores": 1,
            "created_at": "2025-05-23T10:45:04Z",
            "description": "",
            "execution_timeout": null,
            "folder_id": "b1gv2q3sgnes7j1kfr69",
            "id": "bbam11snr2loudepvu6b",
            "image": [
              {
                "args": null,
                "command": null,
                "digest": "",
                "environment": null,
                "url": "https://bba78u7b4lrdl7s6hrgg.containers.yandexcloud.net/",
                "work_dir": ""
              }
            ],
            "labels": null,
            "log_options": [],
            "memory": 2,
            "metadata_options": null,
            "mounts": null,
            "name": "test",
            "provision_policy": [],
            "revision_id": null,
            "runtime": null,
            "secrets": null,
            "service_account_id": "ajevkvvu8ftgllg0h0sn",
            "storage_mounts": null,
            "timeouts": null,
            "url": "https://bbam11snr2loudepvu6b.containers.yandexcloud.net/"
          },
          "sensitive_attributes": [],
          "identity_schema_version": 0,
          "private": "eyJlMmJmYjczMC1lY2FhLTExZTYtOGY4OC0zNDM2M2JjN2M0YzAiOnsiY3JlYXRlIjozMDAwMDAwMDAwMDAsImRlbGV0ZSI6MzAwMDAwMDAwMDAwLCJ1cGRhdGUiOjMwMDAwMDAwMDAwMH19",
          "dependencies": [
            "yandex_iam_service_account.todo-sa"
          ]
        }
      ]
    },
    {
      "mode": "managed",
      "type": "yandex_vpc_network",
      "name": "network-1",
      "provider": "provider[\"registry.terraform.io/yandex-cloud/yandex\"]",
      "instances": [
        {
          "schema_version": 0,
          "attributes": {
            "created_at": "2025-05-23T09:31:25Z",
            "default_security_group_id": "enp7gaaho23dra2vvalf",
            "description": "",
            "folder_id": "b1gv2q3sgnes7j1kfr69",
            "id": "enpj75vtraqcvsks8jns",
            "labels": {},
            "name": "terraform-net-gnushev",
            "subnet_ids": [
              "e9bm56ddaf2u23rtgik9"
            ],
            "timeouts": null
          },
          "sensitive_attributes": [],
          "identity_schema_version": 0,
          "private": "eyJlMmJmYjczMC1lY2FhLTExZTYtOGY4OC0zNDM2M2JjN2M0YzAiOnsiY3JlYXRlIjo2MDAwMDAwMDAwMCwiZGVsZXRlIjo2MDAwMDAwMDAwMCwidXBkYXRlIjo2MDAwMDAwMDAwMH19"
        }
      ]
    },
    {
      "mode": "managed",
      "type": "yandex_vpc_security_group",
      "name": "postgresql-sg",
      "provider": "provider[\"registry.terraform.io/yandex-cloud/yandex\"]",
      "instances": [
        {
          "schema_version": 0,
          "attributes": {
            "created_at": "2025-05-23T10:13:19Z",
            "description": "",
            "egress": [],
            "folder_id": "b1gv2q3sgnes7j1kfr69",
            "id": "enp625pa9v4pejqdop7e",
            "ingress": [
              {
                "description": "Allow PostgreSQL connections from any IP",
                "from_port": -1,
                "id": "enpo6pupv6rtoijb1npe",
                "labels": {},
                "port": 6432,
                "predefined_target": "",
                "protocol": "TCP",
                "security_group_id": "",
                "to_port": -1,
                "v4_cidr_blocks": [
                  "0.0.0.0/0"
                ],
                "v6_cidr_blocks": []
              }
            ],
            "labels": {},
            "name": "postgresql-security-group",
            "network_id": "enpj75vtraqcvsks8jns",
            "status": "ACTIVE",
            "timeouts": null
          },
          "sensitive_attributes": [],
          "identity_schema_version": 0,
          "private": "eyJlMmJmYjczMC1lY2FhLTExZTYtOGY4OC0zNDM2M2JjN2M0YzAiOnsiY3JlYXRlIjoxODAwMDAwMDAwMDAsImRlbGV0ZSI6MTgwMDAwMDAwMDAwLCJ1cGRhdGUiOjE4MDAwMDAwMDAwMH19",
          "dependencies": [
            "yandex_vpc_network.network-1"
          ]
        }
      ]
    },
    {
      "mode": "managed",
      "type": "yandex_vpc_subnet",
      "name": "subnet-1",
      "provider": "provider[\"registry.terraform.io/yandex-cloud/yandex\"]",
      "instances": [
        {
          "schema_version": 0,
          "attributes": {
            "created_at": "2025-05-23T09:31:28Z",
            "description": "",
            "dhcp_options": [],
            "folder_id": "b1gv2q3sgnes7j1kfr69",
            "id": "e9bm56ddaf2u23rtgik9",
            "labels": {},
            "name": "terraform-subnet-gneushev",
            "network_id": "enpj75vtraqcvsks8jns",
            "route_table_id": "",
            "timeouts": null,
            "v4_cidr_blocks": [
              "10.2.0.0/16"
            ],
            "v6_cidr_blocks": [],
            "zone": "ru-central1-a"
          },
          "sensitive_attributes": [],
          "identity_schema_version": 0,
          "private": "eyJlMmJmYjczMC1lY2FhLTExZTYtOGY4OC0zNDM2M2JjN2M0YzAiOnsiY3JlYXRlIjoxODAwMDAwMDAwMDAsImRlbGV0ZSI6MTgwMDAwMDAwMDAwLCJ1cGRhdGUiOjE4MDAwMDAwMDAwMH19",
          "dependencies": [
            "yandex_vpc_network.network-1"
          ]
        }
      ]
    }
  ],
  "check_results": null
}
